# IF THERE'S A GIT CONFLICT IN THIS FILE, DON'T SOLVE IT MANUALLY!
# INSTEAD EXECUTE `prisma migrate fix`
# Prisma Migrate lockfile v1
# Read more about conflict resolution here: TODO

20200521124653-create-products-and-menus
20200521130257-create-tickets
20200523051150-add-tickets-to-product
20200523160441-add-users
20200525164320-add-products-on-tickets
20200525210635-add-stock-and-stock-categories
20200525210752-add-par-to-stock-item